
Microsoft Visual Studio Solution File, Format Version 12.00
# Visual Studio 15
VisualStudioVersion = 15.0.28307.168
MinimumVisualStudioVersion = 10.0.40219.1
Project("{FAE04EC0-301F-11D3-BF4B-00C04F79EFBC}") = "PiSenseLedController", "PiSenseLedController\PiSenseLedController.csproj", "{5FCD76CB-E866-4AED-B6D4-625AF9B39FDB}"
EndProject
Global
	GlobalSection(SolutionConfigurationPlatforms) = preSolution
		Debug|Any CPU = Debug|Any CPU
		Release|Any CPU = Release|Any CPU
	EndGlobalSection
	GlobalSection(ProjectConfigurationPlatforms) = postSolution
		{5FCD76CB-E866-4AED-B6D4-625AF9B39FDB}.Debug|Any CPU.ActiveCfg = Debug|Any CPU
		{5FCD76CB-E866-4AED-B6D4-625AF9B39FDB}.Debug|Any CPU.Build.0 = Debug|Any CPU
		{5FCD76CB-E866-4AED-B6D4-625AF9B39FDB}.Release|Any CPU.ActiveCfg = Release|Any CPU
		{5FCD76CB-E866-4AED-B6D4-625AF9B39FDB}.Release|Any CPU.Build.0 = Release|Any CPU
	EndGlobalSection
	GlobalSection(SolutionProperties) = preSolution
		HideSolutionNode = FALSE
	EndGlobalSection
	GlobalSection(ExtensibilityGlobals) = postSolution
		SolutionGuid = {1D05B58C-5E26-4976-811E-75A791E2EF05}
	EndGlobalSection
EndGlobal
